// !$*UTF8*$!
{
	archiveVersion = 1;
	classes = {
	};
	objectVersion = 77;
	objects = {

/* Begin PBXFileReference section */
		1A000001000000000000001A /* Idfon.app */ = {isa = PBXFileReference; explicitFileType = wrapper.application; includeInIndex = 0; path = Idfon.app; sourceTree = BUILT_PRODUCTS_DIR; };
/* End PBXFileReference section */

/* Begin PBXFileSystemSynchronizedRootGroup section */
		1A000002000000000000002B /* Idfon */ = {
			isa = PBXFileSystemSynchronizedRootGroup;
			exceptions = (
				1A0000100000000000000019 /* PBXFileSystemSynchronizedBuildFileExceptionSet */,
			);
			explicitFileTypes = {};
			explicitFolders = ();
			path = Idfon;
			sourceTree = "<group>";
		};
/* End PBXFileSystemSynchronizedRootGroup section */

/* Begin PBXFileSystemSynchronizedBuildFileExceptionSet section */
		1A0000100000000000000019 /* PBXFileSystemSynchronizedBuildFileExceptionSet */ = {
			isa = PBXFileSystemSynchronizedBuildFileExceptionSet;
			membershipExceptions = (
				Info.plist,
			);
			target = 1A000005000000000000005E /* Idfon */;
		};
/* End PBXFileSystemSynchronizedBuildFileExceptionSet section */

/* Begin PBXGroup section */
		1A000003000000000000003C = {
			isa = PBXGroup;
			children = (
				1A000002000000000000002B /* Idfon */,
				1A000004000000000000004D /* Products */,
			);
			sourceTree = "<group>";
		};
		1A000004000000000000004D /* Products */ = {
			isa = PBXGroup;
			children = (
				1A000001000000000000001A /* Idfon.app */,
			);
			name = Products;
			sourceTree = "<group>";
		};
/* End PBXGroup section */

/* Begin PBXNativeTarget section */
		1A000005000000000000005E /* Idfon */ = {
			isa = PBXNativeTarget;
			buildConfigurationList = 1A000006000000000000006F;
			buildPhases = (
				1A0000070000000000000070 /* Sources */,
				1A0000080000000000000081 /* Frameworks */,
				1A0000090000000000000092 /* Resources */,
			);
			buildRules = (
			);
			dependencies = (
			);
			fileSystemSynchronizedGroups = (
				1A000002000000000000002B /* Idfon */,
			);
			name = Idfon;
			productName = Idfon;
			productReference = 1A000001000000000000001A /* Idfon.app */;
			productType = "com.apple.product-type.application";
		};
/* End PBXNativeTarget section */

/* Begin PBXProject section */
		1A00000A00000000000000A3 /* Project object */ = {
			isa = PBXProject;
			attributes = {
				BuildIndependentTargetsInParallel = 1;
				LastUpgradeCheck = 2600;
				TargetAttributes = {
					1A000005000000000000005E = {
						CreatedOnToolsVersion = 26.0;
					};
				};
			};
			buildConfigurationList = 1A00000B00000000000000B4;
			developmentRegion = en;
			hasScannedForEncodings = 0;
			knownRegions = (
				en,
				Base,
			);
			mainGroup = 1A000003000000000000003C;
			minimizedProjectReferenceProxies = 1;
			preferredProjectObjectVersion = 77;
			productRefGroup = 1A000004000000000000004D /* Products */;
			projectDirPath = "";
			projectRoot = "";
			targets = (
				1A000005000000000000005E /* Idfon */,
			);
		};
/* End PBXProject section */

/* Begin PBXSourcesBuildPhase section */
		1A0000070000000000000070 /* Sources */ = {
			isa = PBXSourcesBuildPhase;
			buildActionMask = 2147483647;
			files = (
			);
			runOnlyForDeploymentPostprocessing = 0;
		};
/* End PBXSourcesBuildPhase section */

/* Begin PBXFrameworksBuildPhase section */
		1A0000080000000000000081 /* Frameworks */ = {
			isa = PBXFrameworksBuildPhase;
			buildActionMask = 2147483647;
			files = (
			);
			runOnlyForDeploymentPostprocessing = 0;
		};
/* End PBXFrameworksBuildPhase section */

/* Begin PBXResourcesBuildPhase section */
		1A0000090000000000000092 /* Resources */ = {
			isa = PBXResourcesBuildPhase;
			buildActionMask = 2147483647;
			files = (
			);
			runOnlyForDeploymentPostprocessing = 0;
		};
/* End PBXResourcesBuildPhase section */

/* Begin XCBuildConfiguration section */
		1A00000C00000000000000C5 /* Debug */ = {
			isa = XCBuildConfiguration;
			buildSettings = {
				ALWAYS_SEARCH_USER_PATHS = NO;
				CLANG_ENABLE_MODULES = YES;
				CLANG_ENABLE_OBJC_ARC = YES;
				DEBUG_INFORMATION_FORMAT = dwarf;
				ENABLE_TESTABILITY = YES;
				GCC_OPTIMIZATION_LEVEL = 0;
				IPHONEOS_DEPLOYMENT_TARGET = 16.0;
				ONLY_ACTIVE_ARCH = YES;
				SDKROOT = iphoneos;
				SWIFT_OPTIMIZATION_LEVEL = "-Onone";
				SWIFT_VERSION = 5.0;
			};
			name = Debug;
		};
		1A00000D00000000000000D6 /* Release */ = {
			isa = XCBuildConfiguration;
			buildSettings = {
				ALWAYS_SEARCH_USER_PATHS = NO;
				CLANG_ENABLE_MODULES = YES;
				CLANG_ENABLE_OBJC_ARC = YES;
				DEBUG_INFORMATION_FORMAT = "dwarf-with-dsym";
				ENABLE_NS_ASSERTIONS = NO;
				IPHONEOS_DEPLOYMENT_TARGET = 16.0;
				SDKROOT = iphoneos;
				SWIFT_COMPILATION_MODE = wholemodule;
				SWIFT_VERSION = 5.0;
				VALIDATE_PRODUCT = YES;
			};
			name = Release;
		};
		1A00000E00000000000000E7 /* Debug */ = {
			isa = XCBuildConfiguration;
			buildSettings = {
				CODE_SIGN_STYLE = Automatic;
				CURRENT_PROJECT_VERSION = 1;
				DEVELOPMENT_TEAM = RV27HPQNMF;
				INFOPLIST_FILE = Idfon/Info.plist;
				LD_RUNPATH_SEARCH_PATHS = (
					"$(inherited)",
					"@executable_path/Frameworks",
				);
				MARKETING_VERSION = 1.0;
				"OTHER_LDFLAGS[sdk=iphoneos*]" = (
					"$(SRCROOT)/Vendor/device/libiroh_c_ffi.a",
					"-ObjC",
					"-framework",
					AudioToolbox,
					"-framework",
					CoreAudio,
					"-framework",
					SystemConfiguration,
					"-framework",
					Network,
					"-framework",
					Security,
					"-framework",
					AVFoundation,
				);
				"OTHER_LDFLAGS[sdk=iphonesimulator*]" = (
					"$(SRCROOT)/Vendor/sim/libiroh_c_ffi.a",
					"-ObjC",
					"-framework",
					AudioToolbox,
					"-framework",
					CoreAudio,
					"-framework",
					SystemConfiguration,
					"-framework",
					Network,
					"-framework",
					Security,
					"-framework",
					AVFoundation,
				);
				PRODUCT_BUNDLE_IDENTIFIER = app.idfon;
				PRODUCT_NAME = "$(TARGET_NAME)";
				SWIFT_EMIT_LOC_STRINGS = YES;
				SWIFT_OBJC_BRIDGING_HEADER = "Idfon/Idfon-Bridging.h";
				TARGETED_DEVICE_FAMILY = "1,2";
			};
			name = Debug;
		};
		1A00000F00000000000000F8 /* Release */ = {
			isa = XCBuildConfiguration;
			buildSettings = {
				CODE_SIGN_STYLE = Automatic;
				CURRENT_PROJECT_VERSION = 1;
				DEVELOPMENT_TEAM = RV27HPQNMF;
				INFOPLIST_FILE = Idfon/Info.plist;
				LD_RUNPATH_SEARCH_PATHS = (
					"$(inherited)",
					"@executable_path/Frameworks",
				);
				MARKETING_VERSION = 1.0;
				"OTHER_LDFLAGS[sdk=iphoneos*]" = (
					"$(SRCROOT)/Vendor/device/libiroh_c_ffi.a",
					"-ObjC",
					"-framework",
					AudioToolbox,
					"-framework",
					CoreAudio,
					"-framework",
					SystemConfiguration,
					"-framework",
					Network,
					"-framework",
					Security,
					"-framework",
					AVFoundation,
				);
				"OTHER_LDFLAGS[sdk=iphonesimulator*]" = (
					"$(SRCROOT)/Vendor/sim/libiroh_c_ffi.a",
					"-ObjC",
					"-framework",
					AudioToolbox,
					"-framework",
					CoreAudio,
					"-framework",
					SystemConfiguration,
					"-framework",
					Network,
					"-framework",
					Security,
					"-framework",
					AVFoundation,
				);
				PRODUCT_BUNDLE_IDENTIFIER = app.idfon;
				PRODUCT_NAME = "$(TARGET_NAME)";
				SWIFT_EMIT_LOC_STRINGS = YES;
				SWIFT_OBJC_BRIDGING_HEADER = "Idfon/Idfon-Bridging.h";
				TARGETED_DEVICE_FAMILY = "1,2";
			};
			name = Release;
		};
/* End XCBuildConfiguration section */

/* Begin XCConfigurationList section */
		1A00000B00000000000000B4 /* Build configuration list for PBXProject "Idfon" */ = {
			isa = XCConfigurationList;
			buildConfigurations = (
				1A00000C00000000000000C5 /* Debug */,
				1A00000D00000000000000D6 /* Release */,
			);
			defaultConfigurationIsVisible = 0;
			defaultConfigurationName = Release;
		};
		1A000006000000000000006F /* Build configuration list for PBXNativeTarget "Idfon" */ = {
			isa = XCConfigurationList;
			buildConfigurations = (
				1A00000E00000000000000E7 /* Debug */,
				1A00000F00000000000000F8 /* Release */,
			);
			defaultConfigurationIsVisible = 0;
			defaultConfigurationName = Release;
		};
/* End XCConfigurationList section */
	};
	rootObject = 1A00000A00000000000000A3 /* Project object */;
}
